
Microsoft Visual Studio Solution File, Format Version 12.00
# Visual Studio 15
VisualStudioVersion = 15.0.28307.438
MinimumVisualStudioVersion = 10.0.40219.1
Project("{FAE04EC0-301F-11D3-BF4B-00C04F79EFBC}") = "TTN_QLTV", "TTN_QLTV\TTN_QLTV.csproj", "{8EEB3EA0-6294-4FF9-85EC-1FD0B0281B38}"
EndProject
Project("{FAE04EC0-301F-11D3-BF4B-00C04F79EFBC}") = "DTO", "DTO\DTO.csproj", "{F9496251-BFA8-4F6A-9EE8-D02E9277E8DF}"
EndProject
Project("{FAE04EC0-301F-11D3-BF4B-00C04F79EFBC}") = "DAL", "DAL\DAL.csproj", "{F9A2FDFF-BF2A-4302-8F6D-8DCFA0AFA5CD}"
EndProject
Project("{FAE04EC0-301F-11D3-BF4B-00C04F79EFBC}") = "BAL", "BAL\BAL.csproj", "{D9026CCA-163A-4B13-BBCA-09C59D01CD52}"
EndProject
Project("{2150E333-8FDC-42A3-9474-1A3956D46DE8}") = "Images", "Images", "{F17D1B79-B857-4653-87FF-C44D9D98D512}"
EndProject
Global
	GlobalSection(SolutionConfigurationPlatforms) = preSolution
		Debug|Any CPU = Debug|Any CPU
		Release|Any CPU = Release|Any CPU
	EndGlobalSection
	GlobalSection(ProjectConfigurationPlatforms) = postSolution
		{8EEB3EA0-6294-4FF9-85EC-1FD0B0281B38}.Debug|Any CPU.ActiveCfg = Debug|Any CPU
		{8EEB3EA0-6294-4FF9-85EC-1FD0B0281B38}.Debug|Any CPU.Build.0 = Debug|Any CPU
		{8EEB3EA0-6294-4FF9-85EC-1FD0B0281B38}.Release|Any CPU.ActiveCfg = Release|Any CPU
		{8EEB3EA0-6294-4FF9-85EC-1FD0B0281B38}.Release|Any CPU.Build.0 = Release|Any CPU
		{F9496251-BFA8-4F6A-9EE8-D02E9277E8DF}.Debug|Any CPU.ActiveCfg = Debug|Any CPU
		{F9496251-BFA8-4F6A-9EE8-D02E9277E8DF}.Debug|Any CPU.Build.0 = Debug|Any CPU
		{F9496251-BFA8-4F6A-9EE8-D02E9277E8DF}.Release|Any CPU.ActiveCfg = Release|Any CPU
		{F9496251-BFA8-4F6A-9EE8-D02E9277E8DF}.Release|Any CPU.Build.0 = Release|Any CPU
		{F9A2FDFF-BF2A-4302-8F6D-8DCFA0AFA5CD}.Debug|Any CPU.ActiveCfg = Debug|Any CPU
		{F9A2FDFF-BF2A-4302-8F6D-8DCFA0AFA5CD}.Debug|Any CPU.Build.0 = Debug|Any CPU
		{F9A2FDFF-BF2A-4302-8F6D-8DCFA0AFA5CD}.Release|Any CPU.ActiveCfg = Release|Any CPU
		{F9A2FDFF-BF2A-4302-8F6D-8DCFA0AFA5CD}.Release|Any CPU.Build.0 = Release|Any CPU
		{D9026CCA-163A-4B13-BBCA-09C59D01CD52}.Debug|Any CPU.ActiveCfg = Debug|Any CPU
		{D9026CCA-163A-4B13-BBCA-09C59D01CD52}.Debug|Any CPU.Build.0 = Debug|Any CPU
		{D9026CCA-163A-4B13-BBCA-09C59D01CD52}.Release|Any CPU.ActiveCfg = Release|Any CPU
		{D9026CCA-163A-4B13-BBCA-09C59D01CD52}.Release|Any CPU.Build.0 = Release|Any CPU
	EndGlobalSection
	GlobalSection(SolutionProperties) = preSolution
		HideSolutionNode = FALSE
	EndGlobalSection
	GlobalSection(ExtensibilityGlobals) = postSolution
		SolutionGuid = {46C89EBF-5985-42EB-9BDC-7A9B557D80C4}
	EndGlobalSection
EndGlobal
